{
  "name": "chat-app",
  "version": "0.1.0",
  "lockfileVersion": 1,
  "requires": true,
  "dependencies": {
    "@pusher/chatkit": {
      "version": "0.7.18",
      "resolved": "https://registry.npmjs.org/@pusher/chatkit/-/chatkit-0.7.18.tgz",
      "integrity": "sha512-8dAOTpRO1+7euFocyPmwWwphYP2ligINqJiUKuz6G30RstWrjWWvHCtImmemgPVJh7aprfuVJyYGO+k8O9mQ/w==",
      "requires": {
        "pusher-platform": "0.15.4",
        "ramda": "0.25.0"
      }
    },
    "@pusher/chatkit-client": {
      "version": "1.13.4",
      "resolved": "https://registry.npmjs.org/@pusher/chatkit-client/-/chatkit-client-1.13.4.tgz",
      "integrity": "sha512-5XOm2ux6FZTHDcu6OwgiodpAMKrUR6+ErhpbaOqF/dKIC6tZeD+bskzYPJQv7ixqQHkMYbsEkMlWonB0qfsbBg=="
    },
    "pusher-platform": {
      "version": "0.15.4",
      "resolved": "https://registry.npmjs.org/pusher-platform/-/pusher-platform-0.15.4.tgz",
      "integrity": "sha512-dvPfh56f+CVpdgHMKstlH7jCafNcs+veK0XyggWojUZsycdHJ+MwE0v5AtDhLGj7nT0a88m+UwA+8dFUqVE3OA=="
    },
    "ramda": {
      "version": "0.25.0",
      "resolved": "https://registry.npmjs.org/ramda/-/ramda-0.25.0.tgz",
      "integrity": "sha512-GXpfrYVPwx3K7RQ6aYT8KPS8XViSXUVJT1ONhoKPE9VAleW42YE+U+8VEyGWt41EnEQW7gwecYJriTI0pKoecQ=="
    }
  }
}
